Microsoft Visual Studio Solution File, Format Version 12.00
# Visual Studio Version 17
VisualStudioVersion = 17.5.2.0
MinimumVisualStudioVersion = 10.0.40219.1
Project("{FAE04EC0-301F-11D3-BF4B-00C04F79EFBC}") = "testpaymentsuccess", "testpaymentsuccess.csproj", "{7740C3D2-1C02-766F-9F0A-6F5E29E5314F}"
EndProject
Global
	GlobalSection(SolutionConfigurationPlatforms) = preSolution
		Debug|Any CPU = Debug|Any CPU
		Release|Any CPU = Release|Any CPU
	EndGlobalSection
	GlobalSection(ProjectConfigurationPlatforms) = postSolution
		{7740C3D2-1C02-766F-9F0A-6F5E29E5314F}.Debug|Any CPU.ActiveCfg = Debug|Any CPU
		{7740C3D2-1C02-766F-9F0A-6F5E29E5314F}.Debug|Any CPU.Build.0 = Debug|Any CPU
		{7740C3D2-1C02-766F-9F0A-6F5E29E5314F}.Release|Any CPU.ActiveCfg = Release|Any CPU
		{7740C3D2-1C02-766F-9F0A-6F5E29E5314F}.Release|Any CPU.Build.0 = Release|Any CPU
	EndGlobalSection
	GlobalSection(SolutionProperties) = preSolution
		HideSolutionNode = FALSE
	EndGlobalSection
	GlobalSection(ExtensibilityGlobals) = postSolution
		SolutionGuid = {CFE96022-305E-4E00-8991-E46C3C6FA147}
	EndGlobalSection
EndGlobal
